<?xml version="1.0" encoding="utf-8"?>
<Project ToolsVersion="4.0" xmlns="http://schemas.microsoft.com/developer/msbuild/2003">
  <ItemGroup>
    <Filter Include="소스 파일">
      <UniqueIdentifier>{4FC737F1-C7A5-4376-A066-2A32D752A2FF}</UniqueIdentifier>
      <Extensions>cpp;c;cc;cxx;def;odl;idl;hpj;bat;asm;asmx</Extensions>
    </Filter>
    <Filter Include="헤더 파일">
      <UniqueIdentifier>{93995380-89BD-4b04-88EB-625FBE52EBFB}</UniqueIdentifier>
      <Extensions>h;hpp;hxx;hm;inl;inc;xsd</Extensions>
    </Filter>
    <Filter Include="리소스 파일">
      <UniqueIdentifier>{67DA6AB6-F800-4c08-8B7A-83BB121AAD01}</UniqueIdentifier>
      <Extensions>rc;ico;cur;bmp;dlg;rc2;rct;bin;rgs;gif;jpg;jpeg;jpe;resx;tiff;tif;png;wav;mfcribbon-ms</Extensions>
    </Filter>
  </ItemGroup>
  <ItemGroup>
    <ClCompile Include="main.cpp">
      <Filter>소스 파일</Filter>
    </ClCompile>
    <ClCompile Include="inst_fetch.cpp">
      <Filter>소스 파일</Filter>
    </ClCompile>
    <ClCompile Include="inst_decode.cpp">
      <Filter>소스 파일</Filter>
    </ClCompile>
    <ClCompile Include="inst_execute.cpp">
      <Filter>소스 파일</Filter>
    </ClCompile>
    <ClCompile Include="Rtype.cpp">
      <Filter>소스 파일</Filter>
    </ClCompile>
    <ClCompile Include="Jtype.cpp">
      <Filter>소스 파일</Filter>
    </ClCompile>
    <ClCompile Include="Itype.cpp">
      <Filter>소스 파일</Filter>
    </ClCompile>
    <ClCompile Include="MEM_acc.cpp">
      <Filter>소스 파일</Filter>
    </ClCompile>
    <ClCompile Include="WB_value.cpp">
      <Filter>소스 파일</Filter>
    </ClCompile>
    <ClCompile Include="init_main.cpp">
      <Filter>소스 파일</Filter>
    </ClCompile>
  </ItemGroup>
  <ItemGroup>
    <ClInclude Include="init_main.h">
      <Filter>헤더 파일</Filter>
    </ClInclude>
    <ClInclude Include="inst_fetch.h">
      <Filter>헤더 파일</Filter>
    </ClInclude>
    <ClInclude Include="inst_decode.h">
      <Filter>헤더 파일</Filter>
    </ClInclude>
    <ClInclude Include="inst_execute.h">
      <Filter>헤더 파일</Filter>
    </ClInclude>
    <ClInclude Include="Rtype.h">
      <Filter>헤더 파일</Filter>
    </ClInclude>
    <ClInclude Include="Jtype.h">
      <Filter>헤더 파일</Filter>
    </ClInclude>
    <ClInclude Include="Itype.h">
      <Filter>헤더 파일</Filter>
    </ClInclude>
    <ClInclude Include="MEM_acc.h">
      <Filter>헤더 파일</Filter>
    </ClInclude>
    <ClInclude Include="WB_value.h">
      <Filter>헤더 파일</Filter>
    </ClInclude>
  </ItemGroup>
</Project>